
Microsoft Visual Studio Solution File, Format Version 12.00
# Visual Studio Version 16
VisualStudioVersion = 16.0.31112.23
MinimumVisualStudioVersion = 10.0.40219.1
Project("{9A19103F-16F7-4668-BE54-9A1E7A4F7556}") = "OnlineShopping.UI", "OnlineShopping\OnlineShopping.UI.csproj", "{730FF493-14B2-4C2E-8382-A6BE4ECA4BD9}"
EndProject
Project("{9A19103F-16F7-4668-BE54-9A1E7A4F7556}") = "OnlineShopping.BL", "OnlineShopping.BL\OnlineShopping.BL.csproj", "{014D2CFD-841A-4A68-B27E-510B88C75862}"
EndProject
Project("{9A19103F-16F7-4668-BE54-9A1E7A4F7556}") = "OnlineShopping.DL", "OnlineShopping.DL\OnlineShopping.DL.csproj", "{3D305CF4-154B-4B33-9CC3-258A1E5CD4B9}"
EndProject
Project("{9A19103F-16F7-4668-BE54-9A1E7A4F7556}") = "OnlineShoppingCommon", "OnlineShoppingCommon\OnlineShoppingCommon.csproj", "{732F5300-EF20-484A-9155-74DA0C52FF37}"
EndProject
Global
	GlobalSection(SolutionConfigurationPlatforms) = preSolution
		Debug|Any CPU = Debug|Any CPU
		Release|Any CPU = Release|Any CPU
	EndGlobalSection
	GlobalSection(ProjectConfigurationPlatforms) = postSolution
		{730FF493-14B2-4C2E-8382-A6BE4ECA4BD9}.Debug|Any CPU.ActiveCfg = Debug|Any CPU
		{730FF493-14B2-4C2E-8382-A6BE4ECA4BD9}.Debug|Any CPU.Build.0 = Debug|Any CPU
		{730FF493-14B2-4C2E-8382-A6BE4ECA4BD9}.Release|Any CPU.ActiveCfg = Release|Any CPU
		{730FF493-14B2-4C2E-8382-A6BE4ECA4BD9}.Release|Any CPU.Build.0 = Release|Any CPU
		{014D2CFD-841A-4A68-B27E-510B88C75862}.Debug|Any CPU.ActiveCfg = Debug|Any CPU
		{014D2CFD-841A-4A68-B27E-510B88C75862}.Debug|Any CPU.Build.0 = Debug|Any CPU
		{014D2CFD-841A-4A68-B27E-510B88C75862}.Release|Any CPU.ActiveCfg = Release|Any CPU
		{014D2CFD-841A-4A68-B27E-510B88C75862}.Release|Any CPU.Build.0 = Release|Any CPU
		{3D305CF4-154B-4B33-9CC3-258A1E5CD4B9}.Debug|Any CPU.ActiveCfg = Debug|Any CPU
		{3D305CF4-154B-4B33-9CC3-258A1E5CD4B9}.Debug|Any CPU.Build.0 = Debug|Any CPU
		{3D305CF4-154B-4B33-9CC3-258A1E5CD4B9}.Release|Any CPU.ActiveCfg = Release|Any CPU
		{3D305CF4-154B-4B33-9CC3-258A1E5CD4B9}.Release|Any CPU.Build.0 = Release|Any CPU
		{732F5300-EF20-484A-9155-74DA0C52FF37}.Debug|Any CPU.ActiveCfg = Debug|Any CPU
		{732F5300-EF20-484A-9155-74DA0C52FF37}.Debug|Any CPU.Build.0 = Debug|Any CPU
		{732F5300-EF20-484A-9155-74DA0C52FF37}.Release|Any CPU.ActiveCfg = Release|Any CPU
		{732F5300-EF20-484A-9155-74DA0C52FF37}.Release|Any CPU.Build.0 = Release|Any CPU
	EndGlobalSection
	GlobalSection(SolutionProperties) = preSolution
		HideSolutionNode = FALSE
	EndGlobalSection
	GlobalSection(ExtensibilityGlobals) = postSolution
		SolutionGuid = {13263B6C-FFF8-4150-BAE6-AD092D6040F1}
	EndGlobalSection
EndGlobal
